{
    "_meta": {
        "hash": {
            "sha256": "252f167a7433f62d6d0d17e7195e3eba980eeff307e7f1685ad1d19772ad3eaa"
        },
        "pipfile-spec": 6,
        "requires": {
            "python_version": "3.10"
        },
        "sources": [
            {
                "name": "pypi",
                "url": "https://pypi.org/simple",
                "verify_ssl": true
            }
        ]
    },
    "default": {
        "asgiref": {
            "hashes": [
                "sha256:3e1e3ecc849832fe52ccf2cb6686b7a55f82bb1d6aee72a58826471390335e47",
                "sha256:c343bd80a0bec947a9860adb4c432ffa7db769836c64238fc34bdc3fec84d590"
            ],
            "markers": "python_version >= '3.8'",
            "version": "==3.8.1"
        },
        "django": {
            "hashes": [
                "sha256:19bbca786df50b9eca23cee79d495facf55c8f5c54c529d9bf1fe7b5ea086af3",
                "sha256:c46eb936111fffe6ec4bc9930035524a8be98ec2f74d8a0ff351226a3e52f459"
            ],
            "index": "pypi",
            "markers": "python_version >= '3.10'",
            "version": "==5.1.5"
        },
        "django-debug-toolbar": {
            "hashes": [
                "sha256:296f6f18a80710e84fbb8361538ae5ec522a75ebe9ab67db34bcf1026cbeb420",
                "sha256:7456cc2e951db37dab335686db7803c4a0ecb6736d120705f6668db9548bf49f"
            ],
            "index": "pypi",
            "markers": "python_version >= '3.9'",
            "version": "==5.0.1"
        },
        "django-tinymce": {
            "hashes": [
                "sha256:02e3b70e940fd299f0fbef4315aee5c185664e1eb8cd396b176963954e4357c9",
                "sha256:9804836e6d2b08de3b03a27c100f8c2e9633549913eff8b323678a10cd48b94e"
            ],
            "index": "pypi",
            "markers": "python_version >= '3.8'",
            "version": "==4.1.0"
        },
        "django-tinymce4-lite": {
            "hashes": [
                "sha256:2d53510ddb5fe20f25e525d4eaf7c8f8a567b85c9cc29f8ab2964419d9352d88",
                "sha256:eb0ee7eda19970d06484f9e121871de01287b5345c4007ea2582d6f80ec3edb3"
            ],
            "index": "pypi",
            "version": "==1.8.0"
        },
        "jsmin": {
            "hashes": [
                "sha256:c0959a121ef94542e807a674142606f7e90214a2b3d1eb17300244bbb5cc2bfc"
            ],
            "version": "==3.0.1"
        },
        "sqlparse": {
            "hashes": [
                "sha256:09f67787f56a0b16ecdbde1bfc7f5d9c3371ca683cfeaa8e6ff60b4807ec9272",
                "sha256:cf2196ed3418f3ba5de6af7e82c694a9fbdbfecccdfc72e281548517081f16ca"
            ],
            "markers": "python_version >= '3.8'",
            "version": "==0.5.3"
        },
        "typing-extensions": {
            "hashes": [
                "sha256:04e5ca0351e0f3f85c6853954072df659d0d13fac324d0072316b67d7794700d",
                "sha256:1a7ead55c7e559dd4dee8856e3a88b41225abfe1ce8df57b7c13915fe121ffb8"
            ],
            "markers": "python_version < '3.11'",
            "version": "==4.12.2"
        },
        "tzdata": {
            "hashes": [
                "sha256:24894909e88cdb28bd1636c6887801df64cb485bd593f2fd83ef29075a81d694",
                "sha256:7e127113816800496f027041c570f50bcd464a020098a3b6b199517772303639"
            ],
            "markers": "sys_platform == 'win32'",
            "version": "==2025.1"
        }
    },
    "develop": {}
}
